
Microsoft Visual Studio Solution File, Format Version 12.00
# Visual Studio Version 17
VisualStudioVersion = 17.10.35013.160
MinimumVisualStudioVersion = 10.0.40219.1
Project("{FAE04EC0-301F-11D3-BF4B-00C04F79EFBC}") = "DemoVersionControl", "DemoVersionControl\DemoVersionControl.csproj", "{2D8E1A2D-44FA-4F81-B5F2-3021F694561C}"
EndProject
Global
	GlobalSection(SolutionConfigurationPlatforms) = preSolution
		Debug|Any CPU = Debug|Any CPU
		Release|Any CPU = Release|Any CPU
	EndGlobalSection
	GlobalSection(ProjectConfigurationPlatforms) = postSolution
		{2D8E1A2D-44FA-4F81-B5F2-3021F694561C}.Debug|Any CPU.ActiveCfg = Debug|Any CPU
		{2D8E1A2D-44FA-4F81-B5F2-3021F694561C}.Debug|Any CPU.Build.0 = Debug|Any CPU
		{2D8E1A2D-44FA-4F81-B5F2-3021F694561C}.Release|Any CPU.ActiveCfg = Release|Any CPU
		{2D8E1A2D-44FA-4F81-B5F2-3021F694561C}.Release|Any CPU.Build.0 = Release|Any CPU
	EndGlobalSection
	GlobalSection(SolutionProperties) = preSolution
		HideSolutionNode = FALSE
	EndGlobalSection
	GlobalSection(ExtensibilityGlobals) = postSolution
		SolutionGuid = {15C45E03-F538-48EE-8984-0A4DFA005661}
	EndGlobalSection
EndGlobal
